
Microsoft Visual Studio Solution File, Format Version 12.00
# Visual Studio Version 16
VisualStudioVersion = 16.0.29926.136
MinimumVisualStudioVersion = 10.0.40219.1
Project("{FAE04EC0-301F-11D3-BF4B-00C04F79EFBC}") = "Pokedex2022_CSharp", "Pokedex2022_CSharp\Pokedex2022_CSharp.csproj", "{C9CA3CB8-02B0-4A90-9833-7BA901F68424}"
EndProject
Global
	GlobalSection(SolutionConfigurationPlatforms) = preSolution
		Debug|Any CPU = Debug|Any CPU
		Release|Any CPU = Release|Any CPU
	EndGlobalSection
	GlobalSection(ProjectConfigurationPlatforms) = postSolution
		{C9CA3CB8-02B0-4A90-9833-7BA901F68424}.Debug|Any CPU.ActiveCfg = Debug|Any CPU
		{C9CA3CB8-02B0-4A90-9833-7BA901F68424}.Debug|Any CPU.Build.0 = Debug|Any CPU
		{C9CA3CB8-02B0-4A90-9833-7BA901F68424}.Release|Any CPU.ActiveCfg = Release|Any CPU
		{C9CA3CB8-02B0-4A90-9833-7BA901F68424}.Release|Any CPU.Build.0 = Release|Any CPU
	EndGlobalSection
	GlobalSection(SolutionProperties) = preSolution
		HideSolutionNode = FALSE
	EndGlobalSection
	GlobalSection(ExtensibilityGlobals) = postSolution
		SolutionGuid = {E897D16C-C5E7-4958-8F18-A058AEF6CBDC}
	EndGlobalSection
EndGlobal
